
Microsoft Visual Studio Solution File, Format Version 12.00
# Visual Studio 14
VisualStudioVersion = 14.0.25420.1
MinimumVisualStudioVersion = 10.0.40219.1
Project("{FAE04EC0-301F-11D3-BF4B-00C04F79EFBC}") = "Model", "Model\Model.csproj", "{61C75B7E-77A7-464B-922E-F76D2B4FBEAA}"
EndProject
Project("{FAE04EC0-301F-11D3-BF4B-00C04F79EFBC}") = "Events", "Event\Events.csproj", "{3A72F5B4-9796-4A1C-9DD1-8B175CCC6A16}"
EndProject
Project("{FAE04EC0-301F-11D3-BF4B-00C04F79EFBC}") = "Commands", "Command\Commands.csproj", "{F9E3BE0C-3860-477A-8C8D-E2D12BA00CFC}"
EndProject
Project("{FAE04EC0-301F-11D3-BF4B-00C04F79EFBC}") = "SynchronizationService", "SynchronizationService\SynchronizationService.csproj", "{9F7CE52A-B7CA-4D9E-A821-A07119B26D46}"
EndProject
Project("{FAE04EC0-301F-11D3-BF4B-00C04F79EFBC}") = "CommandService", "CommandService\CommandService.csproj", "{69046FE1-F889-44CC-879B-FE585B9814FE}"
EndProject
Project("{FAE04EC0-301F-11D3-BF4B-00C04F79EFBC}") = "QueryService", "QueryService\QueryService.csproj", "{434564DF-B740-42B4-890F-38286F0AAA26}"
EndProject
Project("{FAE04EC0-301F-11D3-BF4B-00C04F79EFBC}") = "Web", "Web\Web.csproj", "{617566B0-D79C-4C5D-B287-C2F2D2297B8F}"
EndProject
Project("{FAE04EC0-301F-11D3-BF4B-00C04F79EFBC}") = "Framework", "Framework\Framework.csproj", "{FA98987D-B8F9-4680-BE59-58F3B79227B9}"
EndProject
Project("{FAE04EC0-301F-11D3-BF4B-00C04F79EFBC}") = "Handler", "EventHandler\Handler.csproj", "{5BE4AB67-29E6-4A5D-AB80-0FCA421766D9}"
EndProject
Global
	GlobalSection(SolutionConfigurationPlatforms) = preSolution
		Debug|Any CPU = Debug|Any CPU
		Release|Any CPU = Release|Any CPU
	EndGlobalSection
	GlobalSection(ProjectConfigurationPlatforms) = postSolution
		{61C75B7E-77A7-464B-922E-F76D2B4FBEAA}.Debug|Any CPU.ActiveCfg = Debug|Any CPU
		{61C75B7E-77A7-464B-922E-F76D2B4FBEAA}.Debug|Any CPU.Build.0 = Debug|Any CPU
		{61C75B7E-77A7-464B-922E-F76D2B4FBEAA}.Release|Any CPU.ActiveCfg = Release|Any CPU
		{61C75B7E-77A7-464B-922E-F76D2B4FBEAA}.Release|Any CPU.Build.0 = Release|Any CPU
		{3A72F5B4-9796-4A1C-9DD1-8B175CCC6A16}.Debug|Any CPU.ActiveCfg = Debug|Any CPU
		{3A72F5B4-9796-4A1C-9DD1-8B175CCC6A16}.Debug|Any CPU.Build.0 = Debug|Any CPU
		{3A72F5B4-9796-4A1C-9DD1-8B175CCC6A16}.Release|Any CPU.ActiveCfg = Release|Any CPU
		{3A72F5B4-9796-4A1C-9DD1-8B175CCC6A16}.Release|Any CPU.Build.0 = Release|Any CPU
		{F9E3BE0C-3860-477A-8C8D-E2D12BA00CFC}.Debug|Any CPU.ActiveCfg = Debug|Any CPU
		{F9E3BE0C-3860-477A-8C8D-E2D12BA00CFC}.Debug|Any CPU.Build.0 = Debug|Any CPU
		{F9E3BE0C-3860-477A-8C8D-E2D12BA00CFC}.Release|Any CPU.ActiveCfg = Release|Any CPU
		{F9E3BE0C-3860-477A-8C8D-E2D12BA00CFC}.Release|Any CPU.Build.0 = Release|Any CPU
		{9F7CE52A-B7CA-4D9E-A821-A07119B26D46}.Debug|Any CPU.ActiveCfg = Debug|Any CPU
		{9F7CE52A-B7CA-4D9E-A821-A07119B26D46}.Debug|Any CPU.Build.0 = Debug|Any CPU
		{9F7CE52A-B7CA-4D9E-A821-A07119B26D46}.Release|Any CPU.ActiveCfg = Release|Any CPU
		{9F7CE52A-B7CA-4D9E-A821-A07119B26D46}.Release|Any CPU.Build.0 = Release|Any CPU
		{69046FE1-F889-44CC-879B-FE585B9814FE}.Debug|Any CPU.ActiveCfg = Debug|Any CPU
		{69046FE1-F889-44CC-879B-FE585B9814FE}.Debug|Any CPU.Build.0 = Debug|Any CPU
		{69046FE1-F889-44CC-879B-FE585B9814FE}.Release|Any CPU.ActiveCfg = Release|Any CPU
		{69046FE1-F889-44CC-879B-FE585B9814FE}.Release|Any CPU.Build.0 = Release|Any CPU
		{434564DF-B740-42B4-890F-38286F0AAA26}.Debug|Any CPU.ActiveCfg = Debug|Any CPU
		{434564DF-B740-42B4-890F-38286F0AAA26}.Debug|Any CPU.Build.0 = Debug|Any CPU
		{434564DF-B740-42B4-890F-38286F0AAA26}.Release|Any CPU.ActiveCfg = Release|Any CPU
		{434564DF-B740-42B4-890F-38286F0AAA26}.Release|Any CPU.Build.0 = Release|Any CPU
		{617566B0-D79C-4C5D-B287-C2F2D2297B8F}.Debug|Any CPU.ActiveCfg = Debug|Any CPU
		{617566B0-D79C-4C5D-B287-C2F2D2297B8F}.Debug|Any CPU.Build.0 = Debug|Any CPU
		{617566B0-D79C-4C5D-B287-C2F2D2297B8F}.Release|Any CPU.ActiveCfg = Release|Any CPU
		{617566B0-D79C-4C5D-B287-C2F2D2297B8F}.Release|Any CPU.Build.0 = Release|Any CPU
		{FA98987D-B8F9-4680-BE59-58F3B79227B9}.Debug|Any CPU.ActiveCfg = Debug|Any CPU
		{FA98987D-B8F9-4680-BE59-58F3B79227B9}.Debug|Any CPU.Build.0 = Debug|Any CPU
		{FA98987D-B8F9-4680-BE59-58F3B79227B9}.Release|Any CPU.ActiveCfg = Release|Any CPU
		{FA98987D-B8F9-4680-BE59-58F3B79227B9}.Release|Any CPU.Build.0 = Release|Any CPU
		{5BE4AB67-29E6-4A5D-AB80-0FCA421766D9}.Debug|Any CPU.ActiveCfg = Debug|Any CPU
		{5BE4AB67-29E6-4A5D-AB80-0FCA421766D9}.Debug|Any CPU.Build.0 = Debug|Any CPU
		{5BE4AB67-29E6-4A5D-AB80-0FCA421766D9}.Release|Any CPU.ActiveCfg = Release|Any CPU
		{5BE4AB67-29E6-4A5D-AB80-0FCA421766D9}.Release|Any CPU.Build.0 = Release|Any CPU
	EndGlobalSection
	GlobalSection(SolutionProperties) = preSolution
		HideSolutionNode = FALSE
	EndGlobalSection
EndGlobal
